
Microsoft Visual Studio Solution File, Format Version 12.00
# Visual Studio Version 17
VisualStudioVersion = 17.14.36414.22 d17.14
MinimumVisualStudioVersion = 10.0.40219.1
Project("{FAE04EC0-301F-11D3-BF4B-00C04F79EFBC}") = "ConsoleApp38", "ConsoleApp38\ConsoleApp38.csproj", "{714EFFA4-9075-4929-970B-F36F1E7B3101}"
EndProject
Global
	GlobalSection(SolutionConfigurationPlatforms) = preSolution
		Debug|Any CPU = Debug|Any CPU
		Release|Any CPU = Release|Any CPU
	EndGlobalSection
	GlobalSection(ProjectConfigurationPlatforms) = postSolution
		{714EFFA4-9075-4929-970B-F36F1E7B3101}.Debug|Any CPU.ActiveCfg = Debug|Any CPU
		{714EFFA4-9075-4929-970B-F36F1E7B3101}.Debug|Any CPU.Build.0 = Debug|Any CPU
		{714EFFA4-9075-4929-970B-F36F1E7B3101}.Release|Any CPU.ActiveCfg = Release|Any CPU
		{714EFFA4-9075-4929-970B-F36F1E7B3101}.Release|Any CPU.Build.0 = Release|Any CPU
	EndGlobalSection
	GlobalSection(SolutionProperties) = preSolution
		HideSolutionNode = FALSE
	EndGlobalSection
	GlobalSection(ExtensibilityGlobals) = postSolution
		SolutionGuid = {0066A67A-46C3-45BC-B576-7E75F367DE55}
	EndGlobalSection
EndGlobal
