
Microsoft Visual Studio Solution File, Format Version 12.00
# Visual Studio Version 17
VisualStudioVersion = 17.14.36414.22 d17.14
MinimumVisualStudioVersion = 10.0.40219.1
Project("{FAE04EC0-301F-11D3-BF4B-00C04F79EFBC}") = "ConsoleApp18", "ConsoleApp18\ConsoleApp18.csproj", "{F767EC7B-D87E-41F9-A768-448D5E1E9310}"
EndProject
Global
	GlobalSection(SolutionConfigurationPlatforms) = preSolution
		Debug|Any CPU = Debug|Any CPU
		Release|Any CPU = Release|Any CPU
	EndGlobalSection
	GlobalSection(ProjectConfigurationPlatforms) = postSolution
		{F767EC7B-D87E-41F9-A768-448D5E1E9310}.Debug|Any CPU.ActiveCfg = Debug|Any CPU
		{F767EC7B-D87E-41F9-A768-448D5E1E9310}.Debug|Any CPU.Build.0 = Debug|Any CPU
		{F767EC7B-D87E-41F9-A768-448D5E1E9310}.Release|Any CPU.ActiveCfg = Release|Any CPU
		{F767EC7B-D87E-41F9-A768-448D5E1E9310}.Release|Any CPU.Build.0 = Release|Any CPU
	EndGlobalSection
	GlobalSection(SolutionProperties) = preSolution
		HideSolutionNode = FALSE
	EndGlobalSection
	GlobalSection(ExtensibilityGlobals) = postSolution
		SolutionGuid = {EC5B2A6F-DDE4-4F3C-B5A2-C24F43FA6E8E}
	EndGlobalSection
EndGlobal
